dependencies:
- name: common
  repository: oci://registry-1.docker.io/cloudpirates
  version: 2.1.0
- name: postgres
  repository: oci://registry-1.docker.io/cloudpirates
  version: 0.9.0
- name: mariadb
  repository: oci://registry-1.docker.io/cloudpirates
  version: 0.4.0
digest: sha256:035a776ef36a308b984b3cfc1ae0c6ce83fe6078feba96f11a90fdc00fb1b39c
generated: "2026-01-19T12:29:16.224899711Z"
